PODS:
  - appmetrica_plugin (1.1.0):
    - Flutter
    - YandexMobileMetrica (~> 4.4)
  - appmetrica_push_plugin (0.2.0):
    - appmetrica_plugin
    - Flutter
    - YandexMobileMetricaPush (~> 1.3)
  - Flutter (1.0.0)
  - YandexMobileMetrica (4.4.0):
    - YandexMobileMetrica/Static (= 4.4.0)
  - YandexMobileMetrica/Static (4.4.0):
    - YandexMobileMetrica/Static/Core (= 4.4.0)
    - YandexMobileMetrica/Static/Crashes (= 4.4.0)
  - YandexMobileMetrica/Static/Core (4.4.0)
  - YandexMobileMetrica/Static/Crashes (4.4.0):
    - YandexMobileMetrica/Static/Core
  - YandexMobileMetricaPush (1.3.0):
    - YandexMobileMetricaPush/Static (= 1.3.0)
  - YandexMobileMetricaPush/Static (1.3.0):
    - YandexMobileMetrica/Static/Core (~> 4.0)

DEPENDENCIES:
  - appmetrica_plugin (from `.symlinks/plugins/appmetrica_plugin/ios`)
  - appmetrica_push_plugin (from `.symlinks/plugins/appmetrica_push_plugin/ios`)
  - Flutter (from `Flutter`)
  - YandexMobileMetricaPush (= 1.3.0)

SPEC REPOS:
  trunk:
    - YandexMobileMetrica
    - YandexMobileMetricaPush

EXTERNAL SOURCES:
  appmetrica_plugin:
    :path: ".symlinks/plugins/appmetrica_plugin/ios"
  appmetrica_push_plugin:
    :path: ".symlinks/plugins/appmetrica_push_plugin/ios"
  Flutter:
    :path: Flutter

SPEC CHECKSUMS:
  appmetrica_plugin: 4a29f127f4608f66aada648f02e1cb0054ba3f74
  appmetrica_push_plugin: 2a59a0dd76939dd0e84869ce1d73bc58dd7ca345
  Flutter: f04841e97a9d0b0a8025694d0796dd46242b2854
  YandexMobileMetrica: baf7cea47cb87fc9af963c4f747ce8dd7df3d7c0
  YandexMobileMetricaPush: 1821e7b9fc6bf7ad6286aeac4e19ae9e36ada011

PODFILE CHECKSUM: 45c145f5190454524cfca5d0a0cf814786b55dd0

COCOAPODS: 1.11.3
